
Microsoft Visual Studio Solution File, Format Version 12.00
# Visual Studio 14
VisualStudioVersion = 14.0.25420.1
MinimumVisualStudioVersion = 10.0.40219.1
Project("{8BC9CEB8-8B4A-11D0-8D11-00A0C91BC942}") = "vc14", "vc14\vc14.vcxproj", "{B5631254-2CD7-4DB6-9C09-C9D0088D1B24}"
EndProject
Global
	GlobalSection(SolutionConfigurationPlatforms) = preSolution
		Ansi Debug|x64 = Ansi Debug|x64
		Ansi Debug|x86 = Ansi Debug|x86
		Ansi Release|x64 = Ansi Release|x64
		Ansi Release|x86 = Ansi Release|x86
		Unicode Debug|x64 = Unicode Debug|x64
		Unicode Debug|x86 = Unicode Debug|x86
		Unicode Release|x64 = Unicode Release|x64
		Unicode Release|x86 = Unicode Release|x86
	EndGlobalSection
	GlobalSection(ProjectConfigurationPlatforms) = postSolution
		{B5631254-2CD7-4DB6-9C09-C9D0088D1B24}.Ansi Debug|x64.ActiveCfg = Ansi Debug|x64
		{B5631254-2CD7-4DB6-9C09-C9D0088D1B24}.Ansi Debug|x64.Build.0 = Ansi Debug|x64
		{B5631254-2CD7-4DB6-9C09-C9D0088D1B24}.Ansi Debug|x86.ActiveCfg = Ansi Debug|Win32
		{B5631254-2CD7-4DB6-9C09-C9D0088D1B24}.Ansi Debug|x86.Build.0 = Ansi Debug|Win32
		{B5631254-2CD7-4DB6-9C09-C9D0088D1B24}.Ansi Release|x64.ActiveCfg = Ansi Release|x64
		{B5631254-2CD7-4DB6-9C09-C9D0088D1B24}.Ansi Release|x64.Build.0 = Ansi Release|x64
		{B5631254-2CD7-4DB6-9C09-C9D0088D1B24}.Ansi Release|x86.ActiveCfg = Ansi Release|Win32
		{B5631254-2CD7-4DB6-9C09-C9D0088D1B24}.Ansi Release|x86.Build.0 = Ansi Release|Win32
		{B5631254-2CD7-4DB6-9C09-C9D0088D1B24}.Unicode Debug|x64.ActiveCfg = Unicode Debug|x64
		{B5631254-2CD7-4DB6-9C09-C9D0088D1B24}.Unicode Debug|x64.Build.0 = Unicode Debug|x64
		{B5631254-2CD7-4DB6-9C09-C9D0088D1B24}.Unicode Debug|x86.ActiveCfg = Unicode Debug|Win32
		{B5631254-2CD7-4DB6-9C09-C9D0088D1B24}.Unicode Debug|x86.Build.0 = Unicode Debug|Win32
		{B5631254-2CD7-4DB6-9C09-C9D0088D1B24}.Unicode Release|x64.ActiveCfg = Unicode Release|x64
		{B5631254-2CD7-4DB6-9C09-C9D0088D1B24}.Unicode Release|x64.Build.0 = Unicode Release|x64
		{B5631254-2CD7-4DB6-9C09-C9D0088D1B24}.Unicode Release|x86.ActiveCfg = Unicode Release|Win32
		{B5631254-2CD7-4DB6-9C09-C9D0088D1B24}.Unicode Release|x86.Build.0 = Unicode Release|Win32
	EndGlobalSection
	GlobalSection(SolutionProperties) = preSolution
		HideSolutionNode = FALSE
	EndGlobalSection
EndGlobal
